
Microsoft Visual Studio Solution File, Format Version 12.00
# Visual Studio Version 17
VisualStudioVersion = 17.0.31612.314
MinimumVisualStudioVersion = 10.0.40219.1
Project("{FAE04EC0-301F-11D3-BF4B-00C04F79EFBC}") = "BankConsoleApp", "BankConsoleApp\BankConsoleApp.csproj", "{A6919906-D74D-416C-A795-27CFB768F6BF}"
EndProject
Project("{FAE04EC0-301F-11D3-BF4B-00C04F79EFBC}") = "Application", "Application\Application.csproj", "{C33818EA-B339-4194-912F-B1532FF77BB2}"
EndProject
Project("{FAE04EC0-301F-11D3-BF4B-00C04F79EFBC}") = "UnitTests", "UnitTests\UnitTests.csproj", "{B549AF4B-AFC7-4E22-9CCF-A2930C66B170}"
EndProject
Global
	GlobalSection(SolutionConfigurationPlatforms) = preSolution
		Debug|Any CPU = Debug|Any CPU
		Release|Any CPU = Release|Any CPU
	EndGlobalSection
	GlobalSection(ProjectConfigurationPlatforms) = postSolution
		{A6919906-D74D-416C-A795-27CFB768F6BF}.Debug|Any CPU.ActiveCfg = Debug|Any CPU
		{A6919906-D74D-416C-A795-27CFB768F6BF}.Debug|Any CPU.Build.0 = Debug|Any CPU
		{A6919906-D74D-416C-A795-27CFB768F6BF}.Release|Any CPU.ActiveCfg = Release|Any CPU
		{A6919906-D74D-416C-A795-27CFB768F6BF}.Release|Any CPU.Build.0 = Release|Any CPU
		{C33818EA-B339-4194-912F-B1532FF77BB2}.Debug|Any CPU.ActiveCfg = Debug|Any CPU
		{C33818EA-B339-4194-912F-B1532FF77BB2}.Debug|Any CPU.Build.0 = Debug|Any CPU
		{C33818EA-B339-4194-912F-B1532FF77BB2}.Release|Any CPU.ActiveCfg = Release|Any CPU
		{C33818EA-B339-4194-912F-B1532FF77BB2}.Release|Any CPU.Build.0 = Release|Any CPU
		{B549AF4B-AFC7-4E22-9CCF-A2930C66B170}.Debug|Any CPU.ActiveCfg = Debug|Any CPU
		{B549AF4B-AFC7-4E22-9CCF-A2930C66B170}.Debug|Any CPU.Build.0 = Debug|Any CPU
		{B549AF4B-AFC7-4E22-9CCF-A2930C66B170}.Release|Any CPU.ActiveCfg = Release|Any CPU
		{B549AF4B-AFC7-4E22-9CCF-A2930C66B170}.Release|Any CPU.Build.0 = Release|Any CPU
	EndGlobalSection
	GlobalSection(SolutionProperties) = preSolution
		HideSolutionNode = FALSE
	EndGlobalSection
	GlobalSection(ExtensibilityGlobals) = postSolution
		SolutionGuid = {C676A442-C202-4E9B-9CFB-83383E1E4B7D}
	EndGlobalSection
EndGlobal
